
Microsoft Visual Studio Solution File, Format Version 12.00
Project("{FAE04EC0-301F-11D3-BF4B-00C04F79EFBC}") = "ToddMakes.Games", "ToddMakes.Games\ToddMakes.Games.csproj", "{4B501229-98A0-4F4D-8C01-B1E13C53D562}"
EndProject
Global
	GlobalSection(SolutionConfigurationPlatforms) = preSolution
		Debug|Any CPU = Debug|Any CPU
		Release|Any CPU = Release|Any CPU
	EndGlobalSection
	GlobalSection(ProjectConfigurationPlatforms) = postSolution
		{4B501229-98A0-4F4D-8C01-B1E13C53D562}.Debug|Any CPU.ActiveCfg = Debug|Any CPU
		{4B501229-98A0-4F4D-8C01-B1E13C53D562}.Debug|Any CPU.Build.0 = Debug|Any CPU
		{4B501229-98A0-4F4D-8C01-B1E13C53D562}.Release|Any CPU.ActiveCfg = Release|Any CPU
		{4B501229-98A0-4F4D-8C01-B1E13C53D562}.Release|Any CPU.Build.0 = Release|Any CPU
	EndGlobalSection
EndGlobal
